<?xml version="1.0" encoding="utf-8"?>
<Project ToolsVersion="4.0" xmlns="http://schemas.microsoft.com/developer/msbuild/2003">
  <ItemGroup>
    <ClCompile Include="Controller.cpp">
      <Filter>Source %28.cpp%29</Filter>
    </ClCompile>
    <ClCompile Include="Engine.cpp">
      <Filter>Source %28.cpp%29</Filter>
    </ClCompile>
    <ClCompile Include="main.cpp">
      <Filter>Source %28.cpp%29</Filter>
    </ClCompile>
    <ClCompile Include="Pipeline.cpp">
      <Filter>Source %28.cpp%29</Filter>
    </ClCompile>
    <ClCompile Include="Texture.cpp">
      <Filter>Source %28.cpp%29</Filter>
    </ClCompile>
    <ClCompile Include="Window.cpp">
      <Filter>Source %28.cpp%29</Filter>
    </ClCompile>
    <ClCompile Include="GLDrawEngine.cpp">
      <Filter>Source %28.cpp%29\GL</Filter>
    </ClCompile>
    <ClCompile Include="GLEngine.cpp">
      <Filter>Source %28.cpp%29\GL</Filter>
    </ClCompile>
    <ClCompile Include="GLPipeline.cpp">
      <Filter>Source %28.cpp%29\GL</Filter>
    </ClCompile>
    <ClCompile Include="VKDrawEngine.cpp">
      <Filter>Source %28.cpp%29\VK</Filter>
    </ClCompile>
    <ClCompile Include="VKEngine.cpp">
      <Filter>Source %28.cpp%29\VK</Filter>
    </ClCompile>
    <ClCompile Include="Model.cpp">
      <Filter>Source %28.cpp%29</Filter>
    </ClCompile>
    <ClCompile Include="Object.cpp">
      <Filter>Source %28.cpp%29</Filter>
    </ClCompile>
    <ClCompile Include="Shapes.cpp">
      <Filter>Source %28.cpp%29</Filter>
    </ClCompile>
    <ClCompile Include="VKQueueFamilyIndices.cpp">
      <Filter>Source %28.cpp%29\VK</Filter>
    </ClCompile>
    <ClCompile Include="Material.cpp">
      <Filter>Source %28.cpp%29</Filter>
    </ClCompile>
    <ClCompile Include="Timer.cpp">
      <Filter>Source %28.cpp%29</Filter>
    </ClCompile>
  </ItemGroup>
  <ItemGroup>
    <ClInclude Include="Controller.h">
      <Filter>Headers %28.h%29</Filter>
    </ClInclude>
    <ClInclude Include="Engine.h">
      <Filter>Headers %28.h%29</Filter>
    </ClInclude>
    <ClInclude Include="HardModels.h">
      <Filter>Headers %28.h%29</Filter>
    </ClInclude>
    <ClInclude Include="Pipeline.h">
      <Filter>Headers %28.h%29</Filter>
    </ClInclude>
    <ClInclude Include="Texture.h">
      <Filter>Headers %28.h%29</Filter>
    </ClInclude>
    <ClInclude Include="Triangle.h">
      <Filter>Headers %28.h%29</Filter>
    </ClInclude>
    <ClInclude Include="UniformBufferObject.h">
      <Filter>Headers %28.h%29</Filter>
    </ClInclude>
    <ClInclude Include="Vertex.h">
      <Filter>Headers %28.h%29</Filter>
    </ClInclude>
    <ClInclude Include="Window.h">
      <Filter>Headers %28.h%29</Filter>
    </ClInclude>
    <ClInclude Include="GLDrawEngine.h">
      <Filter>Headers %28.h%29\GL</Filter>
    </ClInclude>
    <ClInclude Include="GLEngine.h">
      <Filter>Headers %28.h%29\GL</Filter>
    </ClInclude>
    <ClInclude Include="GLPipeline.h">
      <Filter>Headers %28.h%29\GL</Filter>
    </ClInclude>
    <ClInclude Include="VKDrawEngine.h">
      <Filter>Headers %28.h%29\VK</Filter>
    </ClInclude>
    <ClInclude Include="VKEngine.h">
      <Filter>Headers %28.h%29\VK</Filter>
    </ClInclude>
    <ClInclude Include="Model.h">
      <Filter>Headers %28.h%29</Filter>
    </ClInclude>
    <ClInclude Include="Object.h">
      <Filter>Headers %28.h%29</Filter>
    </ClInclude>
    <ClInclude Include="Shapes.h">
      <Filter>Headers %28.h%29</Filter>
    </ClInclude>
    <ClInclude Include="VKQueueFamilyIndices.h">
      <Filter>Headers %28.h%29\VK</Filter>
    </ClInclude>
    <ClInclude Include="Material.h">
      <Filter>Headers %28.h%29</Filter>
    </ClInclude>
    <ClInclude Include="Timer.h">
      <Filter>Headers %28.h%29</Filter>
    </ClInclude>
  </ItemGroup>
  <ItemGroup>
    <None Include="Shaders\frag.spv">
      <Filter>Shaders</Filter>
    </None>
    <None Include="Shaders\vert.spv">
      <Filter>Shaders</Filter>
    </None>
    <None Include="Shaders\VKShader.frag">
      <Filter>Shaders</Filter>
    </None>
    <None Include="Shaders\VKShader.vert">
      <Filter>Shaders</Filter>
    </None>
    <None Include="Shaders\GLShader.frag">
      <Filter>Shaders</Filter>
    </None>
    <None Include="Shaders\GLShader.vert">
      <Filter>Shaders</Filter>
    </None>
    <None Include="Shaders\GLShader.comp">
      <Filter>Shaders</Filter>
    </None>
  </ItemGroup>
  <ItemGroup>
    <Filter Include="Source %28.cpp%29">
      <UniqueIdentifier>{a459af9a-0860-4c1b-8fbd-2847be4219a9}</UniqueIdentifier>
    </Filter>
    <Filter Include="Headers %28.h%29">
      <UniqueIdentifier>{55abeedf-109d-4d5c-808c-fe9cd3140567}</UniqueIdentifier>
    </Filter>
    <Filter Include="Shaders">
      <UniqueIdentifier>{eb9e1277-f8a2-4905-b7a5-f88db5ff5ae1}</UniqueIdentifier>
    </Filter>
    <Filter Include="Headers %28.h%29\GL">
      <UniqueIdentifier>{ad156a45-30bb-4818-af86-baf9b298e7ed}</UniqueIdentifier>
    </Filter>
    <Filter Include="Headers %28.h%29\VK">
      <UniqueIdentifier>{d756b7fe-2685-49c7-8161-21b38e97a769}</UniqueIdentifier>
    </Filter>
    <Filter Include="Source %28.cpp%29\GL">
      <UniqueIdentifier>{46970ebb-dc90-4a50-840f-e102b7c5953b}</UniqueIdentifier>
    </Filter>
    <Filter Include="Source %28.cpp%29\VK">
      <UniqueIdentifier>{93359176-2eb2-4feb-9a3a-ea158adee1e3}</UniqueIdentifier>
    </Filter>
  </ItemGroup>
</Project>